{
  "lockfileVersion": 1,
  "workspaces": {
    "": {
      "name": "bun-react-template",
      "dependencies": {
        "bun-plugin-tailwind": "^0.0.14",
        "framer-motion": "^12.23.22",
        "react": "^19",
        "react-dom": "^19",
        "react-icons": "^5.5.0",
        "swiper": "^12.0.2",
        "tailwindcss": "^4.0.6",
      },
      "devDependencies": {
        "@types/bun": "latest",
        "@types/react": "^19",
        "@types/react-dom": "^19",
      },
    },
  },
  "packages": {
    "@types/bun": ["@types/bun@1.2.23", "", { "dependencies": { "bun-types": "1.2.23" } }, "sha512-le8ueOY5b6VKYf19xT3McVbXqLqmxzPXHsQT/q9JHgikJ2X22wyTW3g3ohz2ZMnp7dod6aduIiq8A14Xyimm0A=="],

    "@types/node": ["@types/node@24.7.0", "", { "dependencies": { "undici-types": "~7.14.0" } }, "sha512-IbKooQVqUBrlzWTi79E8Fw78l8k1RNtlDDNWsFZs7XonuQSJ8oNYfEeclhprUldXISRMLzBpILuKgPlIxm+/Yw=="],

    "@types/react": ["@types/react@19.2.2", "", { "dependencies": { "csstype": "^3.0.2" } }, "sha512-6mDvHUFSjyT2B2yeNx2nUgMxh9LtOWvkhIU3uePn2I2oyNymUAX1NIsdgviM4CH+JSrp2D2hsMvJOkxY+0wNRA=="],

    "@types/react-dom": ["@types/react-dom@19.2.1", "", { "peerDependencies": { "@types/react": "^19.2.0" } }, "sha512-/EEvYBdT3BflCWvTMO7YkYBHVE9Ci6XdqZciZANQgKpaiDRGOLIlRo91jbTNRQjgPFWVaRxcYc0luVNFitz57A=="],

    "bun-plugin-tailwind": ["bun-plugin-tailwind@0.0.14", "", { "dependencies": { "tailwindcss": "4.0.0-beta.9" }, "peerDependencies": { "typescript": "^5.0.0" } }, "sha512-Ge8M8DQsRDErCzH/uI8pYjx5vZWXxQvnwM/xMQMElxQqHieGbAopfYo/q/kllkPkRbFHiwhnHwTpRMAMJZCjug=="],

    "bun-types": ["bun-types@1.2.23", "", { "dependencies": { "@types/node": "*" }, "peerDependencies": { "@types/react": "^19" } }, "sha512-R9f0hKAZXgFU3mlrA0YpE/fiDvwV0FT9rORApt2aQVWSuJDzZOyB5QLc0N/4HF57CS8IXJ6+L5E4W1bW6NS2Aw=="],

    "csstype": ["csstype@3.1.3", "", {}, "sha512-M1uQkMl8rQK/szD0LNhtqxIPLpimGm8sOBwU7lLnCpSbTyY3yeU1Vc7l4KT5zT4s/yOxHH5O7tIuuLOCnLADRw=="],

    "framer-motion": ["framer-motion@12.23.22", "", { "dependencies": { "motion-dom": "^12.23.21", "motion-utils": "^12.23.6", "tslib": "^2.4.0" }, "peerDependencies": { "@emotion/is-prop-valid": "*", "react": "^18.0.0 || ^19.0.0", "react-dom": "^18.0.0 || ^19.0.0" }, "optionalPeers": ["@emotion/is-prop-valid", "react", "react-dom"] }, "sha512-ZgGvdxXCw55ZYvhoZChTlG6pUuehecgvEAJz0BHoC5pQKW1EC5xf1Mul1ej5+ai+pVY0pylyFfdl45qnM1/GsA=="],

    "motion-dom": ["motion-dom@12.23.21", "", { "dependencies": { "motion-utils": "^12.23.6" } }, "sha512-5xDXx/AbhrfgsQmSE7YESMn4Dpo6x5/DTZ4Iyy4xqDvVHWvFVoV+V2Ri2S/ksx+D40wrZ7gPYiMWshkdoqNgNQ=="],

    "motion-utils": ["motion-utils@12.23.6", "", {}, "sha512-eAWoPgr4eFEOFfg2WjIsMoqJTW6Z8MTUCgn/GZ3VRpClWBdnbjryiA3ZSNLyxCTmCQx4RmYX6jX1iWHbenUPNQ=="],

    "react": ["react@19.2.0", "", {}, "sha512-tmbWg6W31tQLeB5cdIBOicJDJRR2KzXsV7uSK9iNfLWQ5bIZfxuPEHp7M8wiHyHnn0DD1i7w3Zmin0FtkrwoCQ=="],

    "react-dom": ["react-dom@19.2.0", "", { "dependencies": { "scheduler": "^0.27.0" }, "peerDependencies": { "react": "^19.2.0" } }, "sha512-UlbRu4cAiGaIewkPyiRGJk0imDN2T3JjieT6spoL2UeSf5od4n5LB/mQ4ejmxhCFT1tYe8IvaFulzynWovsEFQ=="],

    "react-icons": ["react-icons@5.5.0", "", { "peerDependencies": { "react": "*" } }, "sha512-MEFcXdkP3dLo8uumGI5xN3lDFNsRtrjbOEKDLD7yv76v4wpnEq2Lt2qeHaQOr34I/wPN3s3+N08WkQ+CW37Xiw=="],

    "scheduler": ["scheduler@0.27.0", "", {}, "sha512-eNv+WrVbKu1f3vbYJT/xtiF5syA5HPIMtf9IgY/nKg0sWqzAUEvqY/xm7OcZc/qafLx/iO9FgOmeSAp4v5ti/Q=="],

    "swiper": ["swiper@12.0.2", "", {}, "sha512-y8F6fDGXmTVVgwqJj6I00l4FdGuhpFJn0U/9Ucn1MwWOw3NdLV8aH88pZOjyhBgU/6PyBlUx+JuAQ5KMWz906Q=="],

    "tailwindcss": ["tailwindcss@4.1.14", "", {}, "sha512-b7pCxjGO98LnxVkKjaZSDeNuljC4ueKUddjENJOADtubtdo8llTaJy7HwBMeLNSSo2N5QIAgklslK1+Ir8r6CA=="],

    "tslib": ["tslib@2.8.1", "", {}, "sha512-oJFu94HQb+KVduSUQL7wnpmqnfmLsOA/nAh6b6EH0wCEoK0/mPeXU6c3wKDV83MkOuHPRHtSXKKU99IBazS/2w=="],

    "typescript": ["typescript@5.9.3", "", { "bin": { "tsc": "bin/tsc", "tsserver": "bin/tsserver" } }, "sha512-jl1vZzPDinLr9eUt3J/t7V6FgNEw9QjvBPdysz9KfQDD41fQrC2Y4vKQdiaUpFT4bXlb1RHhLpp8wtm6M5TgSw=="],

    "undici-types": ["undici-types@7.14.0", "", {}, "sha512-QQiYxHuyZ9gQUIrmPo3IA+hUl4KYk8uSA7cHrcKd/l3p1OTpZcM0Tbp9x7FAtXdAYhlasd60ncPpgu6ihG6TOA=="],

    "bun-plugin-tailwind/tailwindcss": ["tailwindcss@4.0.0-beta.9", "", {}, "sha512-96KpsfQi+/sFIOfyFnGzyy5pobuzf1iMBD9NVtelerPM/lPI2XUS4Kikw9yuKRniXXw77ov1sl7gCSKLsn6CJA=="],
  }
}
